{
    "_meta": {
        "hash": {
            "sha256": "48d7539a15419e4434bc62b96ebbd6d23e2cff6890629711ad87ac4cf9fbff8a"
        },
        "pipfile-spec": 6,
        "requires": {},
        "sources": [
            {
                "name": "pypi",
                "url": "https://pypi.python.org/simple",
                "verify_ssl": true
            }
        ]
    },
    "default": {
        "certifi": {
            "hashes": [
                "sha256:e4f3620cfea4f83eedc95b24abd9cd56f3c4b146dd0177e83a21b4eb49e21e50",
                "sha256:fd7c7c74727ddcf00e9acd26bba8da604ffec95bf1c2144e67aff7a8b50e6cef"
            ],
            "version": "==2019.9.11"
        },
        "chardet": {
            "hashes": [
                "sha256:84ab92ed1c4d4f16916e05906b6b75a6c0fb5db821cc65e70cbd64a3e2a5eaae",
                "sha256:fc323ffcaeaed0e0a02bf4d117757b98aed530d9ed4531e3e15460124c106691"
            ],
            "version": "==3.0.4"
        },
        "cython": {
            "hashes": [
                "sha256:1a4e373da9c1a20b48b0f542fdd01b79841f51297075df9c6049c20203409d81",
                "sha256:1fdb73fda01469bfe0c26f79ef62348888ea11bce9b92c187b58a7f9a30a9e2f",
                "sha256:31d155b4e4902644bd2867c624b1cd3e11545b213f84a1d028f0df14a3b22612",
                "sha256:396a1c5ecc4210dd41b6521cd8398e7955784982b5a369695ae21176db31bdf7",
                "sha256:3f683f22c0221b4d65e6a1738f4e8c17a0719d6e82a86b0897c74fa0d24fef78",
                "sha256:3fc982053c4a780c98448882c02a9b7ef85be6308b714e5b78be72e67b748fee",
                "sha256:4c11f0b79abac9779c24c0fbeeac21389766ffa60db54caa043292091091d2b4",
                "sha256:50f4e33b164bceb821d1c4375d7668ad17aeac7a78ec245a861386d5ce0a0563",
                "sha256:54b73ff7a5c59d8455655e97c412b9e7b6b4f484c33a21fd66f463fc16d8d700",
                "sha256:5dbf22d73cca80bab3e82f0bb7579ec07fcab9baed728e374ea454c423f3c9a3",
                "sha256:64961a6003bd236988d063d76754bd47565a4fdf26e0699e89282682179211e6",
                "sha256:64ec98d442ab2b56a1e743a7c524c4456c78757245c53cd102dd4f60b6981cf1",
                "sha256:6b20e1aa533be34c333aa67c37dcb8fa5281e80f155f7d44ed8e86fb6283d368",
                "sha256:710c4b312a2c752101e34d6875f9a5ab24956d41016430e8cb453de7137be464",
                "sha256:71e47fbe29e78e7bb2d998f90d9051442c33560549a61777f5696b3ee18729d4",
                "sha256:738d510499c2d92b307d26ad6bc5794bbed21105679124b78f92f05c6d58776f",
                "sha256:7c2f3fb93d5cfe57d6b965c5cb29083e122af528efbb27e00c2a3a59c6fd4ddd",
                "sha256:7ff8250b1cc70e35d878cacffaea9ea875125f8c71f856ec93307e8dd5f8d059",
                "sha256:941e836335d97226ca98cd613d2a8db65e7fdfeec0707b6bf8fc7f923a360903",
                "sha256:98262ce1805a0330d755006d3d72c203279f84881ce08eecf2b6fd9b5b66e9cd",
                "sha256:9a60e6e283bddf3d2cf674d896c457e9ee3cf2eeb679a9392c57e93da658067f",
                "sha256:a9e2cbfdeb6e4eeb3f95e2dcc92d71cbb36cf042b987b6810e3e759869085410",
                "sha256:b6fdf64c756bc42eca4f42cd3b81a3b746126868edf34c6e10f6fcf6b7717338",
                "sha256:bacce121c7d30801f72ef0268a265e6506f11690056bdd14fd41b6b6204d8db3",
                "sha256:c0dcca01098684d4356604077ef644c046643bb766ee237cad88ae4e82921445",
                "sha256:c2e63c4794161135adafa8aa4a855d6068073f421c83ffacc39369497a189dd5",
                "sha256:c7df43ee3fade5471a5a990d90b4c44a3b964e63b101759ccf6a06c049d6b2a4",
                "sha256:d07db732baa5fa5ca9383b272b50905e65665e1b4ea28426708f847bb41eeab2",
                "sha256:d91e105fef5a622d776380c4e49a2c5e28d6be631d384756b67d561c09692eb1",
                "sha256:ebb35f14ac61779465b1c97515bd1a7886fa795780bc35eb354b192a32896768",
                "sha256:ef5e49ed50c856e31d134164a05bfc9ea2f65d2d40ed65dd1dfd455a93b73d40",
                "sha256:f11e9445830125000a353a9e49ff3d1b6f0f43affe2925222c8790ca03a19483",
                "sha256:fbb7d093d541f4ccccdff33897d87e85503be5c5ebe05f25fe6a6648238f507a",
                "sha256:fedfa9211e4abfd75022e1b9124e395374f88c88442523de8c2ede117711ffe3"
            ],
            "index": "pypi",
            "version": "==0.26.1"
        },
        "d4a76af": {
            "file": "https://github.com/kivy/kivy/archive/master.zip"
        },
        "docutils": {
            "hashes": [
                "sha256:6c4f696463b79f1fb8ba0c594b63840ebd41f059e92b31957c46b74a4599b6d0",
                "sha256:9e4d7ecfc600058e07ba661411a2b7de2fd0fafa17d1a7f7361cd47b1175c827",
                "sha256:a2aeea129088da402665e92e0b25b04b073c04b2dce4ab65caaa38b7ce2e1a99"
            ],
            "version": "==0.15.2"
        },
        "idna": {
            "hashes": [
                "sha256:156a6814fb5ac1fc6850fb002e0852d56c0c8d2531923a51032d1b70760e186e",
                "sha256:684a38a6f903c1d71d6d5fac066b58d7768af4de2b832e426ec79c30daa94a16"
            ],
            "version": "==2.7"
        },
        "kivy": {
            "hashes": [
                "sha256:11e60c5d2b3ec206b4c6345b821cd2bcbef76c004335fe55cdf3785c1a20e792",
                "sha256:28c180fd5e4538858f0d2b3dde53c123d3a898d3ac7fba512bf3b83d0dfc248d",
                "sha256:5385b4668e045ca25392db5ec29e356bfb76938485c0f19a602e9a0e548164ae",
                "sha256:92e22cc5e865aa2dba663e5bc3928a49d137030722295c0ee6648d1807fb6a73",
                "sha256:9cee64cc95bbd619941f8c95816d76798797b5d2d2fb16fdf3dab63827e5c65c",
                "sha256:b1b072bc8ed7158b280b786548ea050235d4ddd5989eb1503372f2043cd883c5",
                "sha256:b924f8b37bb7dbdd4ea2dcc84ca04900b75da69f89a0cbe8af1d21e75553be41",
                "sha256:cdc2401d88f1d8a689cdb4f72f77327665a9e4921252df6642418be05c94b20e",
                "sha256:f87b49b72beed3942723e3dc8d46844a1b600bfdb0c160c35f8a699fa57e6c53"
            ],
            "index": "pypi",
            "version": "==1.10.0"
        },
        "kivy-garden": {
            "hashes": [
                "sha256:c256f42788421273a08fbb0a228f0fb0e80dd86b629fb8c0920507f645be6c72"
            ],
            "version": "==0.1.4"
        },
        "pygments": {
            "hashes": [
                "sha256:71e430bc85c88a430f000ac1d9b331d2407f681d6f6aec95e8bcfbc3df5b0127",
                "sha256:881c4c157e45f30af185c1ffe8d549d48ac9127433f2c380c24b84572ad66297"
            ],
            "version": "==2.4.2"
        },
        "requests": {
            "hashes": [
                "sha256:99dcfdaaeb17caf6e526f32b6a7b780461512ab3f1d992187801694cba42770c",
                "sha256:a84b8c9ab6239b578f22d1c21d51b696dcfe004032bb80ea832398d6909d7279"
            ],
            "index": "pypi",
            "version": "==2.20.0"
        },
        "urllib3": {
            "hashes": [
                "sha256:2393a695cd12afedd0dcb26fe5d50d0cf248e5a66f75dbd89a3d4eb333a61af4",
                "sha256:a637e5fae88995b256e3409dc4d52c2e2e0ba32c42a6365fee8bbd2238de3cfb"
            ],
            "version": "==1.24.3"
        }
    },
    "develop": {}
}
